
Microsoft Visual Studio Solution File, Format Version 12.00
# Visual Studio Version 17
VisualStudioVersion = 17.2.32519.379
MinimumVisualStudioVersion = 10.0.40219.1
Project("{FAE04EC0-301F-11D3-BF4B-00C04F79EFBC}") = "WpfButtonTemplateClickBug", "WpfButtonTemplateClickBug\WpfButtonTemplateClickBug.csproj", "{7CB9BC75-2287-46A9-94BE-C3CDCB9731CA}"
EndProject
Global
	GlobalSection(SolutionConfigurationPlatforms) = preSolution
		Debug|Any CPU = Debug|Any CPU
		Release|Any CPU = Release|Any CPU
	EndGlobalSection
	GlobalSection(ProjectConfigurationPlatforms) = postSolution
		{7CB9BC75-2287-46A9-94BE-C3CDCB9731CA}.Debug|Any CPU.ActiveCfg = Debug|Any CPU
		{7CB9BC75-2287-46A9-94BE-C3CDCB9731CA}.Debug|Any CPU.Build.0 = Debug|Any CPU
		{7CB9BC75-2287-46A9-94BE-C3CDCB9731CA}.Release|Any CPU.ActiveCfg = Release|Any CPU
		{7CB9BC75-2287-46A9-94BE-C3CDCB9731CA}.Release|Any CPU.Build.0 = Release|Any CPU
	EndGlobalSection
	GlobalSection(SolutionProperties) = preSolution
		HideSolutionNode = FALSE
	EndGlobalSection
	GlobalSection(ExtensibilityGlobals) = postSolution
		SolutionGuid = {98ABECCD-0E23-496D-81FD-174B2A321D9A}
	EndGlobalSection
EndGlobal
